{
  "name": "markov-chain-music-demo",
  "version": "1.0.0",
  "lockfileVersion": 1,
  "requires": true,
  "dependencies": {
    "@types/node": {
      "version": "17.0.8",
      "resolved": "https://registry.npmjs.org/@types/node/-/node-17.0.8.tgz",
      "integrity": "sha512-YofkM6fGv4gDJq78g4j0mMuGMkZVxZDgtU0JRdx6FgiJDG+0fY0GKVolOV8WqVmEhLCXkQRjwDdKyPxJp/uucg==",
      "dev": true
    },
    "isomorphic-ws": {
      "version": "4.0.1",
      "resolved": "https://registry.npmjs.org/isomorphic-ws/-/isomorphic-ws-4.0.1.tgz",
      "integrity": "sha512-BhBvN2MBpWTaSHdWRb/bwdZJ1WaehQ2L1KngkCkfLUGF0mAWAT1sQUQacEmQ0jXkFw/czDXPNQSL5u2/Krsz1w=="
    },
    "jsmidgen": {
      "version": "0.1.5",
      "resolved": "https://registry.npmjs.org/jsmidgen/-/jsmidgen-0.1.5.tgz",
      "integrity": "sha1-rQr9Y3XrEvUQZAJTk847rsOAWF0="
    },
    "midi-converter": {
      "version": "0.1.5",
      "resolved": "https://registry.npmjs.org/midi-converter/-/midi-converter-0.1.5.tgz",
      "integrity": "sha1-CozG0IH/7k7I9aG5Cb73xdLFBsQ=",
      "requires": {
        "jsmidgen": "*",
        "midi-file-parser": "*"
      }
    },
    "midi-file-parser": {
      "version": "1.0.0",
      "resolved": "https://registry.npmjs.org/midi-file-parser/-/midi-file-parser-1.0.0.tgz",
      "integrity": "sha1-F1oBPyd+nSas+Uz+bAOxOrsKHp4="
    },
    "midi-parser-js": {
      "version": "4.0.4",
      "resolved": "https://registry.npmjs.org/midi-parser-js/-/midi-parser-js-4.0.4.tgz",
      "integrity": "sha512-yCCUNemjDET40SPslUbAyi7lClSS+ttcBAWNY337kJouRFsEtIql38Fp4p5xfODkltFvuqHJL9JytnZIrzpJbw=="
    },
    "osc-js": {
      "version": "2.2.0",
      "resolved": "https://registry.npmjs.org/osc-js/-/osc-js-2.2.0.tgz",
      "integrity": "sha512-FrgvR8oTDv/nK489lDQXtg72z3pzP3RbtP6E/J+LRvvogGP8YgW4/F4t7RdrNR1T1cCQxkS9newmXlp3g14F6w==",
      "requires": {
        "isomorphic-ws": "4.0.1",
        "ws": "8.3.0"
      }
    },
    "ws": {
      "version": "8.3.0",
      "resolved": "https://registry.npmjs.org/ws/-/ws-8.3.0.tgz",
      "integrity": "sha512-Gs5EZtpqZzLvmIM59w4igITU57lrtYVFneaa434VROv4thzJyV6UjIL3D42lslWlI+D4KzLYnxSwtfuiO79sNw=="
    }
  }
}
