{
  "name": "markov-chain-music-demo",
  "version": "1.0.0",
  "lockfileVersion": 1,
  "requires": true,
  "dependencies": {
    "@types/node": {
      "version": "17.0.8",
      "resolved": "https://registry.npmjs.org/@types/node/-/node-17.0.8.tgz",
      "integrity": "sha512-YofkM6fGv4gDJq78g4j0mMuGMkZVxZDgtU0JRdx6FgiJDG+0fY0GKVolOV8WqVmEhLCXkQRjwDdKyPxJp/uucg==",
      "dev": true
    },
    "midi-parser-js": {
      "version": "4.0.4",
      "resolved": "https://registry.npmjs.org/midi-parser-js/-/midi-parser-js-4.0.4.tgz",
      "integrity": "sha512-yCCUNemjDET40SPslUbAyi7lClSS+ttcBAWNY337kJouRFsEtIql38Fp4p5xfODkltFvuqHJL9JytnZIrzpJbw=="
    }
  }
}
